
Microsoft Visual Studio Solution File, Format Version 12.00
# 
Project("{2150E333-8FDC-42A3-9474-1A3956D46DE8}") = "src", "src", "{951DEA50-2FC6-4957-8E5C-DED4CD40D41A}"
EndProject
Project("{FAE04EC0-301F-11D3-BF4B-00C04F79EFBC}") = "System.Xaml", "src\System.Xaml\System.Xaml.csproj", "{4AABB26F-EEDF-40E3-9818-A8F7F6CE9E3D}"
EndProject
Global
	GlobalSection(SolutionConfigurationPlatforms) = preSolution
		Debug|Any CPU = Debug|Any CPU
		Release|Any CPU = Release|Any CPU
	EndGlobalSection
	GlobalSection(ProjectConfigurationPlatforms) = postSolution
		{4AABB26F-EEDF-40E3-9818-A8F7F6CE9E3D}.Debug|Any CPU.ActiveCfg = Debug|Any CPU
		{4AABB26F-EEDF-40E3-9818-A8F7F6CE9E3D}.Debug|Any CPU.Build.0 = Debug|Any CPU
		{4AABB26F-EEDF-40E3-9818-A8F7F6CE9E3D}.Release|Any CPU.ActiveCfg = Release|Any CPU
		{4AABB26F-EEDF-40E3-9818-A8F7F6CE9E3D}.Release|Any CPU.Build.0 = Release|Any CPU
	EndGlobalSection
	GlobalSection(NestedProjects) = preSolution
		{4AABB26F-EEDF-40E3-9818-A8F7F6CE9E3D} = {951DEA50-2FC6-4957-8E5C-DED4CD40D41A}
	EndGlobalSection
EndGlobal
